{
  "name": "dummy-ui",
  "version": "1.0.0",
  "lockfileVersion": 3,
  "requires": true,
  "packages": {
    "": {
      "name": "dummy-ui",
      "version": "1.0.0",
      "dependencies": {
        "@module-federation/enhanced-rspack": "^0.1.1",
        "react": "^18.3.1",
        "react-dom": "^18.3.1"
      },
      "devDependencies": {
        "@rsbuild/core": "^1.3.15",
        "@rsbuild/plugin-react": "^1.3.0",
        "@types/node": "^22.15.17",
        "@types/react": "^18.3.18",
        "@types/react-dom": "^18.3.5",
        "typescript": "^5.8.3"
      }
    },
    "node_modules/@module-federation/enhanced-rspack": {
      "version": "0.1.1",
      "resolved": "https://registry.npmjs.org/@module-federation/enhanced-rspack/-/enhanced-rspack-0.1.1.tgz",
      "integrity": "sha512-sUvyJqhkWC640nhKWnKJ3Of8cHcsqbhQnNzKBYCHJTPvKOOIzT1lGdUPoe2Q0rgvohDHc+rldDWQdPpacJ8wWQ==",
      "dependencies": {
        "@module-federation/managers": "0.1.1",
        "@module-federation/manifest": "0.1.1",
        "@module-federation/runtime-tools": "0.1.1",
        "@module-federation/sdk": "0.1.1"
      }
    },
    "node_modules/@module-federation/enhanced-rspack/node_modules/@module-federation/runtime": {
      "version": "0.1.1",
      "resolved": "https://registry.npmjs.org/@module-federation/runtime/-/runtime-0.1.1.tgz",
      "integrity": "sha512-oZaRK1n317A0I4JWMq4Upsz7K3r6PNXXpxZ9DOH6Sy6g6tbR1dBHroGMK3TdzIP2xS6pQJlVMbmI4/ixHm5Taw==",
      "dependencies": {
        "@module-federation/sdk": "0.1.1"
      }
    },
    "node_modules/@module-federation/enhanced-rspack/node_modules/@module-federation/runtime-tools": {
      "version": "0.1.1",
      "resolved": "https://registry.npmjs.org/@module-federation/runtime-tools/-/runtime-tools-0.1.1.tgz",
      "integrity": "sha512-gUg7RLRaiyDGUPODnMHEyyyU407jgnShLcOx30gEmUsbwN1lHVISeam9RUvIbY7fOG2qTVeDUR5GH4fr7aSYAQ==",
      "dependencies": {
        "@module-federation/runtime": "0.1.1",
        "@module-federation/webpack-bundler-runtime": "0.1.1"
      }
    },
    "node_modules/@module-federation/enhanced-rspack/node_modules/@module-federation/sdk": {
      "version": "0.1.1",
      "resolved": "https://registry.npmjs.org/@module-federation/sdk/-/sdk-0.1.1.tgz",
      "integrity": "sha512-nQL4y+WctG03Qf5DR2beGCIGORFTZQVubZTdv/6jQLMRu+CvrS5dlzEpXYoYUPq/VS53R24QFEPZgPWz+E9XUw=="
    },
    "node_modules/@module-federation/enhanced-rspack/node_modules/@module-federation/webpack-bundler-runtime": {
      "version": "0.1.1",
      "resolved": "https://registry.npmjs.org/@module-federation/webpack-bundler-runtime/-/webpack-bundler-runtime-0.1.1.tgz",
      "integrity": "sha512-x8qp0YeuzpOBdAT9qD+/bf7UAgPRPCcu5PZM7FT8SCf7/EJ07nSvjiL/hV7iwJOtZQJvDLbmxpBdaE3r9LUrLw==",
      "dependencies": {
        "@module-federation/runtime": "0.1.1",
        "@module-federation/sdk": "0.1.1"
      }
    },
    "node_modules/@module-federation/error-codes": {
      "version": "0.13.1",
      "resolved": "https://registry.npmjs.org/@module-federation/error-codes/-/error-codes-0.13.1.tgz",
      "integrity": "sha512-azgGDBnFRfqlivHOl96ZjlFUFlukESz2Rnnz/pINiSqoBBNjUE0fcAZP4X6jgrVITuEg90YkruZa7pW9I3m7Uw==",
      "dev": true
    },
    "node_modules/@module-federation/managers": {
      "version": "0.1.1",
      "resolved": "https://registry.npmjs.org/@module-federation/managers/-/managers-0.1.1.tgz",
      "integrity": "sha512-wUwMyKLaDZGbVm3edvBiYHsRfvUahOSuKqZlmTF7mUTJiW+rsX5bFwWChnmELnQgJSUpcby5AyLSQR+MOiZ53w==",
      "dependencies": {
        "@module-federation/sdk": "0.1.1",
        "find-pkg": "2.0.0",
        "fs-extra": "9.1.0"
      }
    },
    "node_modules/@module-federation/managers/node_modules/@module-federation/sdk": {
      "version": "0.1.1",
      "resolved": "https://registry.npmjs.org/@module-federation/sdk/-/sdk-0.1.1.tgz",
      "integrity": "sha512-nQL4y+WctG03Qf5DR2beGCIGORFTZQVubZTdv/6jQLMRu+CvrS5dlzEpXYoYUPq/VS53R24QFEPZgPWz+E9XUw=="
    },
    "node_modules/@module-federation/manifest": {
      "version": "0.1.1",
      "resolved": "https://registry.npmjs.org/@module-federation/manifest/-/manifest-0.1.1.tgz",
      "integrity": "sha512-3wxIvC9+0EBvkQJmDRUYm74m6zIZHnypLWGrQ03+ij/gh8amTDtXQCgzta3OQg7wsucHjh+MimcaO0xlR3YA+w==",
      "dependencies": {
        "@module-federation/managers": "0.1.1",
        "@module-federation/sdk": "0.1.1",
        "chalk": "3.0.0",
        "find-pkg": "2.0.0"
      }
    },
    "node_modules/@module-federation/manifest/node_modules/@module-federation/sdk": {
      "version": "0.1.1",
      "resolved": "https://registry.npmjs.org/@module-federation/sdk/-/sdk-0.1.1.tgz",
      "integrity": "sha512-nQL4y+WctG03Qf5DR2beGCIGORFTZQVubZTdv/6jQLMRu+CvrS5dlzEpXYoYUPq/VS53R24QFEPZgPWz+E9XUw=="
    },
    "node_modules/@module-federation/runtime": {
      "version": "0.13.1",
      "resolved": "https://registry.npmjs.org/@module-federation/runtime/-/runtime-0.13.1.tgz",
      "integrity": "sha512-ZHnYvBquDm49LiHfv6fgagMo/cVJneijNJzfPh6S0CJrPS2Tay1bnTXzy8VA5sdIrESagYPaskKMGIj7YfnPug==",
      "dev": true,
      "dependencies": {
        "@module-federation/error-codes": "0.13.1",
        "@module-federation/runtime-core": "0.13.1",
        "@module-federation/sdk": "0.13.1"
      }
    },
    "node_modules/@module-federation/runtime-core": {
      "version": "0.13.1",
      "resolved": "https://registry.npmjs.org/@module-federation/runtime-core/-/runtime-core-0.13.1.tgz",
      "integrity": "sha512-TfyKfkSAentKeuvSsAItk8s5tqQSMfIRTPN2e1aoaq/kFhE+7blps719csyWSX5Lg5Es7WXKMsXHy40UgtBtuw==",
      "dev": true,
      "dependencies": {
        "@module-federation/error-codes": "0.13.1",
        "@module-federation/sdk": "0.13.1"
      }
    },
    "node_modules/@module-federation/runtime-tools": {
      "version": "0.13.1",
      "resolved": "https://registry.npmjs.org/@module-federation/runtime-tools/-/runtime-tools-0.13.1.tgz",
      "integrity": "sha512-GEF1pxqLc80osIMZmE8j9UKZSaTm2hX2lql8tgIH/O9yK4wnF06k6LL5Ah+wJt+oJv6Dj55ri/MoxMP4SXoPNA==",
      "dev": true,
      "dependencies": {
        "@module-federation/runtime": "0.13.1",
        "@module-federation/webpack-bundler-runtime": "0.13.1"
      }
    },
    "node_modules/@module-federation/sdk": {
      "version": "0.13.1",
      "resolved": "https://registry.npmjs.org/@module-federation/sdk/-/sdk-0.13.1.tgz",
      "integrity": "sha512-bmf2FGQ0ymZuxYnw9bIUfhV3y6zDhaqgydEjbl4msObKMLGXZqhse2pTIIxBFpIxR1oONKX/y2FAolDCTlWKiw==",
      "dev": true
    },
    "node_modules/@module-federation/webpack-bundler-runtime": {
      "version": "0.13.1",
      "resolved": "https://registry.npmjs.org/@module-federation/webpack-bundler-runtime/-/webpack-bundler-runtime-0.13.1.tgz",
      "integrity": "sha512-QSuSIGa09S8mthbB1L6xERqrz+AzPlHR6D7RwAzssAc+IHf40U6NiTLPzUqp9mmKDhC5Tm0EISU0ZHNeJpnpBQ==",
      "dev": true,
      "dependencies": {
        "@module-federation/runtime": "0.13.1",
        "@module-federation/sdk": "0.13.1"
      }
    },
    "node_modules/@rsbuild/core": {
      "version": "1.3.19",
      "resolved": "https://registry.npmjs.org/@rsbuild/core/-/core-1.3.19.tgz",
      "integrity": "sha512-qN8PwbahiPv8e4bp0Wvbqrysz8fB6OxslsXPPKszS9IBYFqUhRC5ve2pCUnc9CFRYJ2hkHY2wtg4ooHYdZRHDQ==",
      "dev": true,
      "dependencies": {
        "@rspack/core": "1.3.9",
        "@rspack/lite-tapable": "~1.0.1",
        "@swc/helpers": "^0.5.17",
        "core-js": "~3.42.0",
        "jiti": "^2.4.2"
      },
      "bin": {
        "rsbuild": "bin/rsbuild.js"
      },
      "engines": {
        "node": ">=16.10.0"
      }
    },
    "node_modules/@rsbuild/plugin-react": {
      "version": "1.3.1",
      "resolved": "https://registry.npmjs.org/@rsbuild/plugin-react/-/plugin-react-1.3.1.tgz",
      "integrity": "sha512-1PfE0CZDwiSIUFaMFOEprwsHK6oo29zU6DdtFH2D49uLcpUdOUvU1u2p00RCVO1CIgnAjRajLS7dnPdQUwFOuQ==",
      "dev": true,
      "dependencies": {
        "@rspack/plugin-react-refresh": "~1.4.2",
        "react-refresh": "^0.17.0"
      },
      "peerDependencies": {
        "@rsbuild/core": "1.x"
      }
    },
    "node_modules/@rspack/binding": {
      "version": "1.3.9",
      "resolved": "https://registry.npmjs.org/@rspack/binding/-/binding-1.3.9.tgz",
      "integrity": "sha512-3FFen1/0F2aP5uuCm8vPaJOrzM3karCPNMsc5gLCGfEy2rsK38Qinf9W4p1bw7+FhjOTzoSdkX+LFHeMDVxJhw==",
      "dev": true,
      "optionalDependencies": {
        "@rspack/binding-darwin-arm64": "1.3.9",
        "@rspack/binding-darwin-x64": "1.3.9",
        "@rspack/binding-linux-arm64-gnu": "1.3.9",
        "@rspack/binding-linux-arm64-musl": "1.3.9",
        "@rspack/binding-linux-x64-gnu": "1.3.9",
        "@rspack/binding-linux-x64-musl": "1.3.9",
        "@rspack/binding-win32-arm64-msvc": "1.3.9",
        "@rspack/binding-win32-ia32-msvc": "1.3.9",
        "@rspack/binding-win32-x64-msvc": "1.3.9"
      }
    },
    "node_modules/@rspack/binding-darwin-arm64": {
      "version": "1.3.9",
      "resolved": "https://registry.npmjs.org/@rspack/binding-darwin-arm64/-/binding-darwin-arm64-1.3.9.tgz",
      "integrity": "sha512-lfTmsbUGab9Ak/X6aPLacHLe4MBRra+sLmhoNK8OKEN3qQCjDcomwW5OlmBRV5bcUYWdbK8vgDk2HUUXRuibVg==",
      "cpu": [
        "arm64"
      ],
      "dev": true,
      "optional": true,
      "os": [
        "darwin"
      ]
    },
    "node_modules/@rspack/binding-darwin-x64": {
      "version": "1.3.9",
      "resolved": "https://registry.npmjs.org/@rspack/binding-darwin-x64/-/binding-darwin-x64-1.3.9.tgz",
      "integrity": "sha512-rYuOUINhnhLDbG5LHHKurRSuKIsw0LKUHcd6AAsFmijo4RMnGBJ4NOI4tOLAQvkoSTQ+HU5wiTGSQOgHVhYreQ==",
      "cpu": [
        "x64"
      ],
      "dev": true,
      "optional": true,
      "os": [
        "darwin"
      ]
    },
    "node_modules/@rspack/binding-linux-arm64-gnu": {
      "version": "1.3.9",
      "resolved": "https://registry.npmjs.org/@rspack/binding-linux-arm64-gnu/-/binding-linux-arm64-gnu-1.3.9.tgz",
      "integrity": "sha512-pBKnS2Fbn9cDtWe1KcD1qRjQlJwQhP9pFW2KpxdjE7qXbaO11IHtem6dLZwdpNqbDn9QgyfdVGXBDvBaP1tGwA==",
      "cpu": [
        "arm64"
      ],
      "dev": true,
      "optional": true,
      "os": [
        "linux"
      ]
    },
    "node_modules/@rspack/binding-linux-arm64-musl": {
      "version": "1.3.9",
      "resolved": "https://registry.npmjs.org/@rspack/binding-linux-arm64-musl/-/binding-linux-arm64-musl-1.3.9.tgz",
      "integrity": "sha512-0B+iiINW0qOEkBE9exsRcdmcHtYIWAoJGnXrz9tUiiewRxX0Cmm0MjD2HAVUAggJZo+9IN8RGz5PopCjJ/dn1g==",
      "cpu": [
        "arm64"
      ],
      "dev": true,
      "optional": true,
      "os": [
        "linux"
      ]
    },
    "node_modules/@rspack/binding-linux-x64-gnu": {
      "version": "1.3.9",
      "resolved": "https://registry.npmjs.org/@rspack/binding-linux-x64-gnu/-/binding-linux-x64-gnu-1.3.9.tgz",
      "integrity": "sha512-82izGJw/qxJ4xaHJy/A4MF7aTRT9tE6VlWoWM4rJmqRszfujN/w54xJRie9jkt041TPvJWGNpYD4Hjpt0/n/oA==",
      "cpu": [
        "x64"
      ],
      "dev": true,
      "optional": true,
      "os": [
        "linux"
      ]
    },
    "node_modules/@rspack/binding-linux-x64-musl": {
      "version": "1.3.9",
      "resolved": "https://registry.npmjs.org/@rspack/binding-linux-x64-musl/-/binding-linux-x64-musl-1.3.9.tgz",
      "integrity": "sha512-V9nDg63iPI6Z7kM11UPV5kBdOdLXPIu3IgI2ObON5Rd4KEZr7RLo/Q4HKzj0IH27Zwl5qeBJdx69zZdu66eOqg==",
      "cpu": [
        "x64"
      ],
      "dev": true,
      "optional": true,
      "os": [
        "linux"
      ]
    },
    "node_modules/@rspack/binding-win32-arm64-msvc": {
      "version": "1.3.9",
      "resolved": "https://registry.npmjs.org/@rspack/binding-win32-arm64-msvc/-/binding-win32-arm64-msvc-1.3.9.tgz",
      "integrity": "sha512-owWCJTezFkiBOSRzH+eOTN15H5QYyThHE5crZ0I30UmpoSEchcPSCvddliA0W62ZJIOgG4IUSNamKBiiTwdjLQ==",
      "cpu": [
        "arm64"
      ],
      "dev": true,
      "optional": true,
      "os": [
        "win32"
      ]
    },
    "node_modules/@rspack/binding-win32-ia32-msvc": {
      "version": "1.3.9",
      "resolved": "https://registry.npmjs.org/@rspack/binding-win32-ia32-msvc/-/binding-win32-ia32-msvc-1.3.9.tgz",
      "integrity": "sha512-YUuNA8lkGSXJ07fOjkX+yuWrWcsU5x5uGFuAYsglw+rDTWCS6m9HSwQjbCp7HUp81qPszjSk+Ore5XVh07FKeQ==",
      "cpu": [
        "ia32"
      ],
      "dev": true,
      "optional": true,
      "os": [
        "win32"
      ]
    },
    "node_modules/@rspack/binding-win32-x64-msvc": {
      "version": "1.3.9",
      "resolved": "https://registry.npmjs.org/@rspack/binding-win32-x64-msvc/-/binding-win32-x64-msvc-1.3.9.tgz",
      "integrity": "sha512-E0gtYBVt5vRj0zBeplEf8wsVDPDQ6XBdRiFVUgmgwYUYYkXaalaIvbD1ioB8cA05vfz8HrPGXcMrgletUP4ojA==",
      "cpu": [
        "x64"
      ],
      "dev": true,
      "optional": true,
      "os": [
        "win32"
      ]
    },
    "node_modules/@rspack/core": {
      "version": "1.3.9",
      "resolved": "https://registry.npmjs.org/@rspack/core/-/core-1.3.9.tgz",
      "integrity": "sha512-u7usd9srCBPBfNJCSvsfh14AOPq6LCVna0Vb/aA2nyJTawHqzfAMz1QRb/e27nP3NrV6RPiwx03W494Dd6r6wg==",
      "dev": true,
      "dependencies": {
        "@module-federation/runtime-tools": "0.13.1",
        "@rspack/binding": "1.3.9",
        "@rspack/lite-tapable": "1.0.1",
        "caniuse-lite": "^1.0.30001717"
      },
      "engines": {
        "node": ">=16.0.0"
      },
      "peerDependencies": {
        "@swc/helpers": ">=0.5.1"
      },
      "peerDependenciesMeta": {
        "@swc/helpers": {
          "optional": true
        }
      }
    },
    "node_modules/@rspack/lite-tapable": {
      "version": "1.0.1",
      "resolved": "https://registry.npmjs.org/@rspack/lite-tapable/-/lite-tapable-1.0.1.tgz",
      "integrity": "sha512-VynGOEsVw2s8TAlLf/uESfrgfrq2+rcXB1muPJYBWbsm1Oa6r5qVQhjA5ggM6z/coYPrsVMgovl3Ff7Q7OCp1w==",
      "dev": true,
      "engines": {
        "node": ">=16.0.0"
      }
    },
    "node_modules/@rspack/plugin-react-refresh": {
      "version": "1.4.3",
      "resolved": "https://registry.npmjs.org/@rspack/plugin-react-refresh/-/plugin-react-refresh-1.4.3.tgz",
      "integrity": "sha512-wZx4vWgy5oMEvgyNGd/oUKcdnKaccYWHCRkOqTdAPJC3WcytxhTX+Kady8ERurSBiLyQpoMiU3Iyd+F1Y2Arbw==",
      "dev": true,
      "dependencies": {
        "error-stack-parser": "^2.1.4",
        "html-entities": "^2.6.0"
      },
      "peerDependencies": {
        "react-refresh": ">=0.10.0 <1.0.0",
        "webpack-hot-middleware": "2.x"
      },
      "peerDependenciesMeta": {
        "webpack-hot-middleware": {
          "optional": true
        }
      }
    },
    "node_modules/@swc/helpers": {
      "version": "0.5.17",
      "resolved": "https://registry.npmjs.org/@swc/helpers/-/helpers-0.5.17.tgz",
      "integrity": "sha512-5IKx/Y13RsYd+sauPb2x+U/xZikHjolzfuDgTAl/Tdf3Q8rslRvC19NKDLgAJQ6wsqADk10ntlv08nPFw/gO/A==",
      "dev": true,
      "dependencies": {
        "tslib": "^2.8.0"
      }
    },
    "node_modules/@types/node": {
      "version": "22.15.17",
      "resolved": "https://registry.npmjs.org/@types/node/-/node-22.15.17.tgz",
      "integrity": "sha512-wIX2aSZL5FE+MR0JlvF87BNVrtFWf6AE6rxSE9X7OwnVvoyCQjpzSRJ+M87se/4QCkCiebQAqrJ0y6fwIyi7nw==",
      "dev": true,
      "dependencies": {
        "undici-types": "~6.21.0"
      }
    },
    "node_modules/@types/prop-types": {
      "version": "15.7.14",
      "resolved": "https://registry.npmjs.org/@types/prop-types/-/prop-types-15.7.14.tgz",
      "integrity": "sha512-gNMvNH49DJ7OJYv+KAKn0Xp45p8PLl6zo2YnvDIbTd4J6MER2BmWN49TG7n9LvkyihINxeKW8+3bfS2yDC9dzQ==",
      "dev": true
    },
    "node_modules/@types/react": {
      "version": "18.3.21",
      "resolved": "https://registry.npmjs.org/@types/react/-/react-18.3.21.tgz",
      "integrity": "sha512-gXLBtmlcRJeT09/sI4PxVwyrku6SaNUj/6cMubjE6T6XdY1fDmBL7r0nX0jbSZPU/Xr0KuwLLZh6aOYY5d91Xw==",
      "dev": true,
      "dependencies": {
        "@types/prop-types": "*",
        "csstype": "^3.0.2"
      }
    },
    "node_modules/@types/react-dom": {
      "version": "18.3.7",
      "resolved": "https://registry.npmjs.org/@types/react-dom/-/react-dom-18.3.7.tgz",
      "integrity": "sha512-MEe3UeoENYVFXzoXEWsvcpg6ZvlrFNlOQ7EOsvhI3CfAXwzPfO8Qwuxd40nepsYKqyyVQnTdEfv68q91yLcKrQ==",
      "dev": true,
      "peerDependencies": {
        "@types/react": "^18.0.0"
      }
    },
    "node_modules/ansi-styles": {
      "version": "4.3.0",
      "resolved": "https://registry.npmjs.org/ansi-styles/-/ansi-styles-4.3.0.tgz",
      "integrity": "sha512-zbB9rCJAT1rbjiVDb2hqKFHNYLxgtk8NURxZ3IZwD3F6NtxbXZQCnnSi1Lkx+IDohdPlFp222wVALIheZJQSEg==",
      "dependencies": {
        "color-convert": "^2.0.1"
      },
      "engines": {
        "node": ">=8"
      },
      "funding": {
        "url": "https://github.com/chalk/ansi-styles?sponsor=1"
      }
    },
    "node_modules/at-least-node": {
      "version": "1.0.0",
      "resolved": "https://registry.npmjs.org/at-least-node/-/at-least-node-1.0.0.tgz",
      "integrity": "sha512-+q/t7Ekv1EDY2l6Gda6LLiX14rU9TV20Wa3ofeQmwPFZbOMo9DXrLbOjFaaclkXKWidIaopwAObQDqwWtGUjqg==",
      "engines": {
        "node": ">= 4.0.0"
      }
    },
    "node_modules/caniuse-lite": {
      "version": "1.0.30001717",
      "resolved": "https://registry.npmjs.org/caniuse-lite/-/caniuse-lite-1.0.30001717.tgz",
      "integrity": "sha512-auPpttCq6BDEG8ZAuHJIplGw6GODhjw+/11e7IjpnYCxZcW/ONgPs0KVBJ0d1bY3e2+7PRe5RCLyP+PfwVgkYw==",
      "dev": true,
      "funding": [
        {
          "type": "opencollective",
          "url": "https://opencollective.com/browserslist"
        },
        {
          "type": "tidelift",
          "url": "https://tidelift.com/funding/github/npm/caniuse-lite"
        },
        {
          "type": "github",
          "url": "https://github.com/sponsors/ai"
        }
      ]
    },
    "node_modules/chalk": {
      "version": "3.0.0",
      "resolved": "https://registry.npmjs.org/chalk/-/chalk-3.0.0.tgz",
      "integrity": "sha512-4D3B6Wf41KOYRFdszmDqMCGq5VV/uMAB273JILmO+3jAlh8X4qDtdtgCR3fxtbLEMzSx22QdhnDcJvu2u1fVwg==",
      "dependencies": {
        "ansi-styles": "^4.1.0",
        "supports-color": "^7.1.0"
      },
      "engines": {
        "node": ">=8"
      }
    },
    "node_modules/color-convert": {
      "version": "2.0.1",
      "resolved": "https://registry.npmjs.org/color-convert/-/color-convert-2.0.1.tgz",
      "integrity": "sha512-RRECPsj7iu/xb5oKYcsFHSppFNnsj/52OVTRKb4zP5onXwVF3zVmmToNcOfGC+CRDpfK/U584fMg38ZHCaElKQ==",
      "dependencies": {
        "color-name": "~1.1.4"
      },
      "engines": {
        "node": ">=7.0.0"
      }
    },
    "node_modules/color-name": {
      "version": "1.1.4",
      "resolved": "https://registry.npmjs.org/color-name/-/color-name-1.1.4.tgz",
      "integrity": "sha512-dOy+3AuW3a2wNbZHIuMZpTcgjGuLU/uBL/ubcZF9OXbDo8ff4O8yVp5Bf0efS8uEoYo5q4Fx7dY9OgQGXgAsQA=="
    },
    "node_modules/core-js": {
      "version": "3.42.0",
      "resolved": "https://registry.npmjs.org/core-js/-/core-js-3.42.0.tgz",
      "integrity": "sha512-Sz4PP4ZA+Rq4II21qkNqOEDTDrCvcANId3xpIgB34NDkWc3UduWj2dqEtN9yZIq8Dk3HyPI33x9sqqU5C8sr0g==",
      "dev": true,
      "hasInstallScript": true,
      "funding": {
        "type": "opencollective",
        "url": "https://opencollective.com/core-js"
      }
    },
    "node_modules/csstype": {
      "version": "3.1.3",
      "resolved": "https://registry.npmjs.org/csstype/-/csstype-3.1.3.tgz",
      "integrity": "sha512-M1uQkMl8rQK/szD0LNhtqxIPLpimGm8sOBwU7lLnCpSbTyY3yeU1Vc7l4KT5zT4s/yOxHH5O7tIuuLOCnLADRw==",
      "dev": true
    },
    "node_modules/error-stack-parser": {
      "version": "2.1.4",
      "resolved": "https://registry.npmjs.org/error-stack-parser/-/error-stack-parser-2.1.4.tgz",
      "integrity": "sha512-Sk5V6wVazPhq5MhpO+AUxJn5x7XSXGl1R93Vn7i+zS15KDVxQijejNCrz8340/2bgLBjR9GtEG8ZVKONDjcqGQ==",
      "dev": true,
      "dependencies": {
        "stackframe": "^1.3.4"
      }
    },
    "node_modules/expand-tilde": {
      "version": "2.0.2",
      "resolved": "https://registry.npmjs.org/expand-tilde/-/expand-tilde-2.0.2.tgz",
      "integrity": "sha512-A5EmesHW6rfnZ9ysHQjPdJRni0SRar0tjtG5MNtm9n5TUvsYU8oozprtRD4AqHxcZWWlVuAmQo2nWKfN9oyjTw==",
      "dependencies": {
        "homedir-polyfill": "^1.0.1"
      },
      "engines": {
        "node": ">=0.10.0"
      }
    },
    "node_modules/find-file-up": {
      "version": "2.0.1",
      "resolved": "https://registry.npmjs.org/find-file-up/-/find-file-up-2.0.1.tgz",
      "integrity": "sha512-qVdaUhYO39zmh28/JLQM5CoYN9byEOKEH4qfa8K1eNV17W0UUMJ9WgbR/hHFH+t5rcl+6RTb5UC7ck/I+uRkpQ==",
      "dependencies": {
        "resolve-dir": "^1.0.1"
      },
      "engines": {
        "node": ">=8"
      }
    },
    "node_modules/find-pkg": {
      "version": "2.0.0",
      "resolved": "https://registry.npmjs.org/find-pkg/-/find-pkg-2.0.0.tgz",
      "integrity": "sha512-WgZ+nKbELDa6N3i/9nrHeNznm+lY3z4YfhDDWgW+5P0pdmMj26bxaxU11ookgY3NyP9GC7HvZ9etp0jRFqGEeQ==",
      "dependencies": {
        "find-file-up": "^2.0.1"
      },
      "engines": {
        "node": ">=8"
      }
    },
    "node_modules/fs-extra": {
      "version": "9.1.0",
      "resolved": "https://registry.npmjs.org/fs-extra/-/fs-extra-9.1.0.tgz",
      "integrity": "sha512-hcg3ZmepS30/7BSFqRvoo3DOMQu7IjqxO5nCDt+zM9XWjb33Wg7ziNT+Qvqbuc3+gWpzO02JubVyk2G4Zvo1OQ==",
      "dependencies": {
        "at-least-node": "^1.0.0",
        "graceful-fs": "^4.2.0",
        "jsonfile": "^6.0.1",
        "universalify": "^2.0.0"
      },
      "engines": {
        "node": ">=10"
      }
    },
    "node_modules/global-modules": {
      "version": "1.0.0",
      "resolved": "https://registry.npmjs.org/global-modules/-/global-modules-1.0.0.tgz",
      "integrity": "sha512-sKzpEkf11GpOFuw0Zzjzmt4B4UZwjOcG757PPvrfhxcLFbq0wpsgpOqxpxtxFiCG4DtG93M6XRVbF2oGdev7bg==",
      "dependencies": {
        "global-prefix": "^1.0.1",
        "is-windows": "^1.0.1",
        "resolve-dir": "^1.0.0"
      },
      "engines": {
        "node": ">=0.10.0"
      }
    },
    "node_modules/global-prefix": {
      "version": "1.0.2",
      "resolved": "https://registry.npmjs.org/global-prefix/-/global-prefix-1.0.2.tgz",
      "integrity": "sha512-5lsx1NUDHtSjfg0eHlmYvZKv8/nVqX4ckFbM+FrGcQ+04KWcWFo9P5MxPZYSzUvyzmdTbI7Eix8Q4IbELDqzKg==",
      "dependencies": {
        "expand-tilde": "^2.0.2",
        "homedir-polyfill": "^1.0.1",
        "ini": "^1.3.4",
        "is-windows": "^1.0.1",
        "which": "^1.2.14"
      },
      "engines": {
        "node": ">=0.10.0"
      }
    },
    "node_modules/graceful-fs": {
      "version": "4.2.11",
      "resolved": "https://registry.npmjs.org/graceful-fs/-/graceful-fs-4.2.11.tgz",
      "integrity": "sha512-RbJ5/jmFcNNCcDV5o9eTnBLJ/HszWV0P73bc+Ff4nS/rJj+YaS6IGyiOL0VoBYX+l1Wrl3k63h/KrH+nhJ0XvQ=="
    },
    "node_modules/has-flag": {
      "version": "4.0.0",
      "resolved": "https://registry.npmjs.org/has-flag/-/has-flag-4.0.0.tgz",
      "integrity": "sha512-EykJT/Q1KjTWctppgIAgfSO0tKVuZUjhgMr17kqTumMl6Afv3EISleU7qZUzoXDFTAHTDC4NOoG/ZxU3EvlMPQ==",
      "engines": {
        "node": ">=8"
      }
    },
    "node_modules/homedir-polyfill": {
      "version": "1.0.3",
      "resolved": "https://registry.npmjs.org/homedir-polyfill/-/homedir-polyfill-1.0.3.tgz",
      "integrity": "sha512-eSmmWE5bZTK2Nou4g0AI3zZ9rswp7GRKoKXS1BLUkvPviOqs4YTN1djQIqrXy9k5gEtdLPy86JjRwsNM9tnDcA==",
      "dependencies": {
        "parse-passwd": "^1.0.0"
      },
      "engines": {
        "node": ">=0.10.0"
      }
    },
    "node_modules/html-entities": {
      "version": "2.6.0",
      "resolved": "https://registry.npmjs.org/html-entities/-/html-entities-2.6.0.tgz",
      "integrity": "sha512-kig+rMn/QOVRvr7c86gQ8lWXq+Hkv6CbAH1hLu+RG338StTpE8Z0b44SDVaqVu7HGKf27frdmUYEs9hTUX/cLQ==",
      "dev": true,
      "funding": [
        {
          "type": "github",
          "url": "https://github.com/sponsors/mdevils"
        },
        {
          "type": "patreon",
          "url": "https://patreon.com/mdevils"
        }
      ]
    },
    "node_modules/ini": {
      "version": "1.3.8",
      "resolved": "https://registry.npmjs.org/ini/-/ini-1.3.8.tgz",
      "integrity": "sha512-JV/yugV2uzW5iMRSiZAyDtQd+nxtUnjeLt0acNdw98kKLrvuRVyB80tsREOE7yvGVgalhZ6RNXCmEHkUKBKxew=="
    },
    "node_modules/is-windows": {
      "version": "1.0.2",
      "resolved": "https://registry.npmjs.org/is-windows/-/is-windows-1.0.2.tgz",
      "integrity": "sha512-eXK1UInq2bPmjyX6e3VHIzMLobc4J94i4AWn+Hpq3OU5KkrRC96OAcR3PRJ/pGu6m8TRnBHP9dkXQVsT/COVIA==",
      "engines": {
        "node": ">=0.10.0"
      }
    },
    "node_modules/isexe": {
      "version": "2.0.0",
      "resolved": "https://registry.npmjs.org/isexe/-/isexe-2.0.0.tgz",
      "integrity": "sha512-RHxMLp9lnKHGHRng9QFhRCMbYAcVpn69smSGcq3f36xjgVVWThj4qqLbTLlq7Ssj8B+fIQ1EuCEGI2lKsyQeIw=="
    },
    "node_modules/jiti": {
      "version": "2.4.2",
      "resolved": "https://registry.npmjs.org/jiti/-/jiti-2.4.2.tgz",
      "integrity": "sha512-rg9zJN+G4n2nfJl5MW3BMygZX56zKPNVEYYqq7adpmMh4Jn2QNEwhvQlFy6jPVdcod7txZtKHWnyZiA3a0zP7A==",
      "dev": true,
      "bin": {
        "jiti": "lib/jiti-cli.mjs"
      }
    },
    "node_modules/js-tokens": {
      "version": "4.0.0",
      "resolved": "https://registry.npmjs.org/js-tokens/-/js-tokens-4.0.0.tgz",
      "integrity": "sha512-RdJUflcE3cUzKiMqQgsCu06FPu9UdIJO0beYbPhHN4k6apgJtifcoCtT9bcxOpYBtpD2kCM6Sbzg4CausW/PKQ=="
    },
    "node_modules/jsonfile": {
      "version": "6.1.0",
      "resolved": "https://registry.npmjs.org/jsonfile/-/jsonfile-6.1.0.tgz",
      "integrity": "sha512-5dgndWOriYSm5cnYaJNhalLNDKOqFwyDB/rr1E9ZsGciGvKPs8R2xYGCacuf3z6K1YKDz182fd+fY3cn3pMqXQ==",
      "dependencies": {
        "universalify": "^2.0.0"
      },
      "optionalDependencies": {
        "graceful-fs": "^4.1.6"
      }
    },
    "node_modules/loose-envify": {
      "version": "1.4.0",
      "resolved": "https://registry.npmjs.org/loose-envify/-/loose-envify-1.4.0.tgz",
      "integrity": "sha512-lyuxPGr/Wfhrlem2CL/UcnUc1zcqKAImBDzukY7Y5F/yQiNdko6+fRLevlw1HgMySw7f611UIY408EtxRSoK3Q==",
      "dependencies": {
        "js-tokens": "^3.0.0 || ^4.0.0"
      },
      "bin": {
        "loose-envify": "cli.js"
      }
    },
    "node_modules/parse-passwd": {
      "version": "1.0.0",
      "resolved": "https://registry.npmjs.org/parse-passwd/-/parse-passwd-1.0.0.tgz",
      "integrity": "sha512-1Y1A//QUXEZK7YKz+rD9WydcE1+EuPr6ZBgKecAB8tmoW6UFv0NREVJe1p+jRxtThkcbbKkfwIbWJe/IeE6m2Q==",
      "engines": {
        "node": ">=0.10.0"
      }
    },
    "node_modules/react": {
      "version": "18.3.1",
      "resolved": "https://registry.npmjs.org/react/-/react-18.3.1.tgz",
      "integrity": "sha512-wS+hAgJShR0KhEvPJArfuPVN1+Hz1t0Y6n5jLrGQbkb4urgPE/0Rve+1kMB1v/oWgHgm4WIcV+i7F2pTVj+2iQ==",
      "dependencies": {
        "loose-envify": "^1.1.0"
      },
      "engines": {
        "node": ">=0.10.0"
      }
    },
    "node_modules/react-dom": {
      "version": "18.3.1",
      "resolved": "https://registry.npmjs.org/react-dom/-/react-dom-18.3.1.tgz",
      "integrity": "sha512-5m4nQKp+rZRb09LNH59GM4BxTh9251/ylbKIbpe7TpGxfJ+9kv6BLkLBXIjjspbgbnIBNqlI23tRnTWT0snUIw==",
      "dependencies": {
        "loose-envify": "^1.1.0",
        "scheduler": "^0.23.2"
      },
      "peerDependencies": {
        "react": "^18.3.1"
      }
    },
    "node_modules/react-refresh": {
      "version": "0.17.0",
      "resolved": "https://registry.npmjs.org/react-refresh/-/react-refresh-0.17.0.tgz",
      "integrity": "sha512-z6F7K9bV85EfseRCp2bzrpyQ0Gkw1uLoCel9XBVWPg/TjRj94SkJzUTGfOa4bs7iJvBWtQG0Wq7wnI0syw3EBQ==",
      "dev": true,
      "engines": {
        "node": ">=0.10.0"
      }
    },
    "node_modules/resolve-dir": {
      "version": "1.0.1",
      "resolved": "https://registry.npmjs.org/resolve-dir/-/resolve-dir-1.0.1.tgz",
      "integrity": "sha512-R7uiTjECzvOsWSfdM0QKFNBVFcK27aHOUwdvK53BcW8zqnGdYp0Fbj82cy54+2A4P2tFM22J5kRfe1R+lM/1yg==",
      "dependencies": {
        "expand-tilde": "^2.0.0",
        "global-modules": "^1.0.0"
      },
      "engines": {
        "node": ">=0.10.0"
      }
    },
    "node_modules/scheduler": {
      "version": "0.23.2",
      "resolved": "https://registry.npmjs.org/scheduler/-/scheduler-0.23.2.tgz",
      "integrity": "sha512-UOShsPwz7NrMUqhR6t0hWjFduvOzbtv7toDH1/hIrfRNIDBnnBWd0CwJTGvTpngVlmwGCdP9/Zl/tVrDqcuYzQ==",
      "dependencies": {
        "loose-envify": "^1.1.0"
      }
    },
    "node_modules/stackframe": {
      "version": "1.3.4",
      "resolved": "https://registry.npmjs.org/stackframe/-/stackframe-1.3.4.tgz",
      "integrity": "sha512-oeVtt7eWQS+Na6F//S4kJ2K2VbRlS9D43mAlMyVpVWovy9o+jfgH8O9agzANzaiLjclA0oYzUXEM4PurhSUChw==",
      "dev": true
    },
    "node_modules/supports-color": {
      "version": "7.2.0",
      "resolved": "https://registry.npmjs.org/supports-color/-/supports-color-7.2.0.tgz",
      "integrity": "sha512-qpCAvRl9stuOHveKsn7HncJRvv501qIacKzQlO/+Lwxc9+0q2wLyv4Dfvt80/DPn2pqOBsJdDiogXGR9+OvwRw==",
      "dependencies": {
        "has-flag": "^4.0.0"
      },
      "engines": {
        "node": ">=8"
      }
    },
    "node_modules/tslib": {
      "version": "2.8.1",
      "resolved": "https://registry.npmjs.org/tslib/-/tslib-2.8.1.tgz",
      "integrity": "sha512-oJFu94HQb+KVduSUQL7wnpmqnfmLsOA/nAh6b6EH0wCEoK0/mPeXU6c3wKDV83MkOuHPRHtSXKKU99IBazS/2w==",
      "dev": true
    },
    "node_modules/typescript": {
      "version": "5.8.3",
      "resolved": "https://registry.npmjs.org/typescript/-/typescript-5.8.3.tgz",
      "integrity": "sha512-p1diW6TqL9L07nNxvRMM7hMMw4c5XOo/1ibL4aAIGmSAt9slTE1Xgw5KWuof2uTOvCg9BY7ZRi+GaF+7sfgPeQ==",
      "dev": true,
      "bin": {
        "tsc": "bin/tsc",
        "tsserver": "bin/tsserver"
      },
      "engines": {
        "node": ">=14.17"
      }
    },
    "node_modules/undici-types": {
      "version": "6.21.0",
      "resolved": "https://registry.npmjs.org/undici-types/-/undici-types-6.21.0.tgz",
      "integrity": "sha512-iwDZqg0QAGrg9Rav5H4n0M64c3mkR59cJ6wQp+7C4nI0gsmExaedaYLNO44eT4AtBBwjbTiGPMlt2Md0T9H9JQ==",
      "dev": true
    },
    "node_modules/universalify": {
      "version": "2.0.1",
      "resolved": "https://registry.npmjs.org/universalify/-/universalify-2.0.1.tgz",
      "integrity": "sha512-gptHNQghINnc/vTGIk0SOFGFNXw7JVrlRUtConJRlvaw6DuX0wO5Jeko9sWrMBhh+PsYAZ7oXAiOnf/UKogyiw==",
      "engines": {
        "node": ">= 10.0.0"
      }
    },
    "node_modules/which": {
      "version": "1.3.1",
      "resolved": "https://registry.npmjs.org/which/-/which-1.3.1.tgz",
      "integrity": "sha512-HxJdYWq1MTIQbJ3nw0cqssHoTNU267KlrDuGZ1WYlxDStUtKUhOaJmh112/TZmHxxUfuJqPXSOm7tDyas0OSIQ==",
      "dependencies": {
        "isexe": "^2.0.0"
      },
      "bin": {
        "which": "bin/which"
      }
    }
  }
}
